// !$*UTF8*$!
{
	archiveVersion = 1;
	classes = {
	};
	objectVersion = 77;
	objects = {

/* Begin PBXBuildFile section */
		3A152F6E2CE1C5F100E37EB1 /* GoogleService-Info.plist in Resources */ = {isa = PBXBuildFile; fileRef = 3A152F6D2CE1C5F100E37EB1 /* GoogleService-Info.plist */; };
		3A152F732CE1C72300E37EB1 /* FirebaseCore in Frameworks */ = {isa = PBXBuildFile; productRef = 3A152F722CE1C72300E37EB1 /* FirebaseCore */; };
		3A152F752CE1C72300E37EB1 /* FirebaseDatabase in Frameworks */ = {isa = PBXBuildFile; productRef = 3A152F742CE1C72300E37EB1 /* FirebaseDatabase */; };
		3A152F772CE1C72300E37EB1 /* FirebaseFirestore in Frameworks */ = {isa = PBXBuildFile; productRef = 3A152F762CE1C72300E37EB1 /* FirebaseFirestore */; };
/* End PBXBuildFile section */

/* Begin PBXContainerItemProxy section */
		3AFB3DAC2CD932B000A7BD25 /* PBXContainerItemProxy */ = {
			isa = PBXContainerItemProxy;
			containerPortal = 3AFB3D932CD932AB00A7BD25 /* Project object */;
			proxyType = 1;
			remoteGlobalIDString = 3AFB3D9A2CD932AB00A7BD25;
			remoteInfo = chargingAPP;
		};
		3AFB3DB62CD932B000A7BD25 /* PBXContainerItemProxy */ = {
			isa = PBXContainerItemProxy;
			containerPortal = 3AFB3D932CD932AB00A7BD25 /* Project object */;
			proxyType = 1;
			remoteGlobalIDString = 3AFB3D9A2CD932AB00A7BD25;
			remoteInfo = chargingAPP;
		};
/* End PBXContainerItemProxy section */

/* Begin PBXFileReference section */
		3A152F6D2CE1C5F100E37EB1 /* GoogleService-Info.plist */ = {isa = PBXFileReference; lastKnownFileType = text.plist.xml; path = "GoogleService-Info.plist"; sourceTree = "<group>"; };
		3AFB3D9B2CD932AB00A7BD25 /* chargingAPP.app */ = {isa = PBXFileReference; explicitFileType = wrapper.application; includeInIndex = 0; path = chargingAPP.app; sourceTree = BUILT_PRODUCTS_DIR; };
		3AFB3DAB2CD932B000A7BD25 /* chargingAPPTests.xctest */ = {isa = PBXFileReference; explicitFileType = wrapper.cfbundle; includeInIndex = 0; path = chargingAPPTests.xctest; sourceTree = BUILT_PRODUCTS_DIR; };
		3AFB3DB52CD932B000A7BD25 /* chargingAPPUITests.xctest */ = {isa = PBXFileReference; explicitFileType = wrapper.cfbundle; includeInIndex = 0; path = chargingAPPUITests.xctest; sourceTree = BUILT_PRODUCTS_DIR; };
/* End PBXFileReference section */

/* Begin PBXFileSystemSynchronizedRootGroup section */
		3AFB3D9D2CD932AB00A7BD25 /* chargingAPP */ = {
			isa = PBXFileSystemSynchronizedRootGroup;
			path = chargingAPP;
			sourceTree = "<group>";
		};
		3AFB3DAE2CD932B000A7BD25 /* chargingAPPTests */ = {
			isa = PBXFileSystemSynchronizedRootGroup;
			path = chargingAPPTests;
			sourceTree = "<group>";
		};
		3AFB3DB82CD932B000A7BD25 /* chargingAPPUITests */ = {
			isa = PBXFileSystemSynchronizedRootGroup;
			path = chargingAPPUITests;
			sourceTree = "<group>";
		};
/* End PBXFileSystemSynchronizedRootGroup section */

/* Begin PBXFrameworksBuildPhase section */
		3AFB3DA82CD932B000A7BD25 /* Frameworks */ = {
			isa = PBXFrameworksBuildPhase;
			buildActionMask = 2147483647;
			files = (
			);
			runOnlyForDeploymentPostprocessing = 0;
		};
		3AFB3DB22CD932B000A7BD25 /* Frameworks */ = {
			isa = PBXFrameworksBuildPhase;
			buildActionMask = 2147483647;
			files = (
			);
			runOnlyForDeploymentPostprocessing = 0;
		};
		3AFB3DD02CD99F8800A7BD25 /* Frameworks */ = {
			isa = PBXFrameworksBuildPhase;
			buildActionMask = 2147483647;
			files = (
				3A152F752CE1C72300E37EB1 /* FirebaseDatabase in Frameworks */,
				3A152F772CE1C72300E37EB1 /* FirebaseFirestore in Frameworks */,
				3A152F732CE1C72300E37EB1 /* FirebaseCore in Frameworks */,
			);
			runOnlyForDeploymentPostprocessing = 0;
		};
/* End PBXFrameworksBuildPhase section */

/* Begin PBXGroup section */
		3AFB3D922CD932AB00A7BD25 = {
			isa = PBXGroup;
			children = (
				3AFB3D9D2CD932AB00A7BD25 /* chargingAPP */,
				3AFB3DAE2CD932B000A7BD25 /* chargingAPPTests */,
				3AFB3DB82CD932B000A7BD25 /* chargingAPPUITests */,
				3AFB3DCD2CD99E4300A7BD25 /* Frameworks */,
				3AFB3D9C2CD932AB00A7BD25 /* Products */,
				3A152F6D2CE1C5F100E37EB1 /* GoogleService-Info.plist */,
			);
			sourceTree = "<group>";
		};
		3AFB3D9C2CD932AB00A7BD25 /* Products */ = {
			isa = PBXGroup;
			children = (
				3AFB3D9B2CD932AB00A7BD25 /* chargingAPP.app */,
				3AFB3DAB2CD932B000A7BD25 /* chargingAPPTests.xctest */,
				3AFB3DB52CD932B000A7BD25 /* chargingAPPUITests.xctest */,
			);
			name = Products;
			sourceTree = "<group>";
		};
		3AFB3DCD2CD99E4300A7BD25 /* Frameworks */ = {
			isa = PBXGroup;
			children = (
			);
			name = Frameworks;
			sourceTree = "<group>";
		};
/* End PBXGroup section */

/* Begin PBXNativeTarget section */
		3AFB3D9A2CD932AB00A7BD25 /* chargingAPP */ = {
			isa = PBXNativeTarget;
			buildConfigurationList = 3AFB3DBF2CD932B000A7BD25 /* Build configuration list for PBXNativeTarget "chargingAPP" */;
			buildPhases = (
				3AFB3D972CD932AB00A7BD25 /* Sources */,
				3AFB3D992CD932AB00A7BD25 /* Resources */,
				3AFB3DD02CD99F8800A7BD25 /* Frameworks */,
			);
			buildRules = (
			);
			dependencies = (
			);
			fileSystemSynchronizedGroups = (
				3AFB3D9D2CD932AB00A7BD25 /* chargingAPP */,
			);
			name = chargingAPP;
			packageProductDependencies = (
				3A152F702CE1C72300E37EB1 /* FirebaseAnalytics */,
				3A152F722CE1C72300E37EB1 /* FirebaseCore */,
				3A152F742CE1C72300E37EB1 /* FirebaseDatabase */,
				3A152F762CE1C72300E37EB1 /* FirebaseFirestore */,
			);
			productName = chargingAPP;
			productReference = 3AFB3D9B2CD932AB00A7BD25 /* chargingAPP.app */;
			productType = "com.apple.product-type.application";
		};
		3AFB3DAA2CD932B000A7BD25 /* chargingAPPTests */ = {
			isa = PBXNativeTarget;
			buildConfigurationList = 3AFB3DC22CD932B000A7BD25 /* Build configuration list for PBXNativeTarget "chargingAPPTests" */;
			buildPhases = (
				3AFB3DA72CD932B000A7BD25 /* Sources */,
				3AFB3DA82CD932B000A7BD25 /* Frameworks */,
				3AFB3DA92CD932B000A7BD25 /* Resources */,
			);
			buildRules = (
			);
			dependencies = (
				3AFB3DAD2CD932B000A7BD25 /* PBXTargetDependency */,
			);
			fileSystemSynchronizedGroups = (
				3AFB3DAE2CD932B000A7BD25 /* chargingAPPTests */,
			);
			name = chargingAPPTests;
			packageProductDependencies = (
			);
			productName = chargingAPPTests;
			productReference = 3AFB3DAB2CD932B000A7BD25 /* chargingAPPTests.xctest */;
			productType = "com.apple.product-type.bundle.unit-test";
		};
		3AFB3DB42CD932B000A7BD25 /* chargingAPPUITests */ = {
			isa = PBXNativeTarget;
			buildConfigurationList = 3AFB3DC52CD932B000A7BD25 /* Build configuration list for PBXNativeTarget "chargingAPPUITests" */;
			buildPhases = (
				3AFB3DB12CD932B000A7BD25 /* Sources */,
				3AFB3DB22CD932B000A7BD25 /* Frameworks */,
				3AFB3DB32CD932B000A7BD25 /* Resources */,
			);
			buildRules = (
			);
			dependencies = (
				3AFB3DB72CD932B000A7BD25 /* PBXTargetDependency */,
			);
			fileSystemSynchronizedGroups = (
				3AFB3DB82CD932B000A7BD25 /* chargingAPPUITests */,
			);
			name = chargingAPPUITests;
			packageProductDependencies = (
			);
			productName = chargingAPPUITests;
			productReference = 3AFB3DB52CD932B000A7BD25 /* chargingAPPUITests.xctest */;
			productType = "com.apple.product-type.bundle.ui-testing";
		};
/* End PBXNativeTarget section */

/* Begin PBXProject section */
		3AFB3D932CD932AB00A7BD25 /* Project object */ = {
			isa = PBXProject;
			attributes = {
				BuildIndependentTargetsInParallel = 1;
				LastSwiftUpdateCheck = 1610;
				LastUpgradeCheck = 1610;
				TargetAttributes = {
					3AFB3D9A2CD932AB00A7BD25 = {
						CreatedOnToolsVersion = 16.1;
					};
					3AFB3DAA2CD932B000A7BD25 = {
						CreatedOnToolsVersion = 16.1;
						TestTargetID = 3AFB3D9A2CD932AB00A7BD25;
					};
					3AFB3DB42CD932B000A7BD25 = {
						CreatedOnToolsVersion = 16.1;
						TestTargetID = 3AFB3D9A2CD932AB00A7BD25;
					};
				};
			};
			buildConfigurationList = 3AFB3D962CD932AB00A7BD25 /* Build configuration list for PBXProject "chargingAPP" */;
			developmentRegion = en;
			hasScannedForEncodings = 0;
			knownRegions = (
				en,
				Base,
			);
			mainGroup = 3AFB3D922CD932AB00A7BD25;
			minimizedProjectReferenceProxies = 1;
			packageReferences = (
				3A152F6F2CE1C72300E37EB1 /* XCRemoteSwiftPackageReference "firebase-ios-sdk" */,
			);
			preferredProjectObjectVersion = 77;
			productRefGroup = 3AFB3D9C2CD932AB00A7BD25 /* Products */;
			projectDirPath = "";
			projectRoot = "";
			targets = (
				3AFB3D9A2CD932AB00A7BD25 /* chargingAPP */,
				3AFB3DAA2CD932B000A7BD25 /* chargingAPPTests */,
				3AFB3DB42CD932B000A7BD25 /* chargingAPPUITests */,
			);
		};
/* End PBXProject section */

/* Begin PBXResourcesBuildPhase section */
		3AFB3D992CD932AB00A7BD25 /* Resources */ = {
			isa = PBXResourcesBuildPhase;
			buildActionMask = 2147483647;
			files = (
				3A152F6E2CE1C5F100E37EB1 /* GoogleService-Info.plist in Resources */,
			);
			runOnlyForDeploymentPostprocessing = 0;
		};
		3AFB3DA92CD932B000A7BD25 /* Resources */ = {
			isa = PBXResourcesBuildPhase;
			buildActionMask = 2147483647;
			files = (
			);
			runOnlyForDeploymentPostprocessing = 0;
		};
		3AFB3DB32CD932B000A7BD25 /* Resources */ = {
			isa = PBXResourcesBuildPhase;
			buildActionMask = 2147483647;
			files = (
			);
			runOnlyForDeploymentPostprocessing = 0;
		};
/* End PBXResourcesBuildPhase section */

/* Begin PBXSourcesBuildPhase section */
		3AFB3D972CD932AB00A7BD25 /* Sources */ = {
			isa = PBXSourcesBuildPhase;
			buildActionMask = 2147483647;
			files = (
			);
			runOnlyForDeploymentPostprocessing = 0;
		};
		3AFB3DA72CD932B000A7BD25 /* Sources */ = {
			isa = PBXSourcesBuildPhase;
			buildActionMask = 2147483647;
			files = (
			);
			runOnlyForDeploymentPostprocessing = 0;
		};
		3AFB3DB12CD932B000A7BD25 /* Sources */ = {
			isa = PBXSourcesBuildPhase;
			buildActionMask = 2147483647;
			files = (
			);
			runOnlyForDeploymentPostprocessing = 0;
		};
/* End PBXSourcesBuildPhase section */

/* Begin PBXTargetDependency section */
		3AFB3DAD2CD932B000A7BD25 /* PBXTargetDependency */ = {
			isa = PBXTargetDependency;
			target = 3AFB3D9A2CD932AB00A7BD25 /* chargingAPP */;
			targetProxy = 3AFB3DAC2CD932B000A7BD25 /* PBXContainerItemProxy */;
		};
		3AFB3DB72CD932B000A7BD25 /* PBXTargetDependency */ = {
			isa = PBXTargetDependency;
			target = 3AFB3D9A2CD932AB00A7BD25 /* chargingAPP */;
			targetProxy = 3AFB3DB62CD932B000A7BD25 /* PBXContainerItemProxy */;
		};
/* End PBXTargetDependency section */

/* Begin XCBuildConfiguration section */
		3AFB3DBD2CD932B000A7BD25 /* Debug */ = {
			isa = XCBuildConfiguration;
			buildSettings = {
				ALWAYS_SEARCH_USER_PATHS = NO;
				ASSETCATALOG_COMPILER_GENERATE_SWIFT_ASSET_SYMBOL_EXTENSIONS = YES;
				CLANG_ANALYZER_NONNULL = YES;
				CLANG_ANALYZER_NUMBER_OBJECT_CONVERSION = YES_AGGRESSIVE;
				CLANG_CXX_LANGUAGE_STANDARD = "gnu++20";
				CLANG_ENABLE_MODULES = YES;
				CLANG_ENABLE_OBJC_ARC = YES;
				CLANG_ENABLE_OBJC_WEAK = YES;
				CLANG_WARN_BLOCK_CAPTURE_AUTORELEASING = YES;
				CLANG_WARN_BOOL_CONVERSION = YES;
				CLANG_WARN_COMMA = YES;
				CLANG_WARN_CONSTANT_CONVERSION = YES;
				CLANG_WARN_DEPRECATED_OBJC_IMPLEMENTATIONS = YES;
				CLANG_WARN_DIRECT_OBJC_ISA_USAGE = YES_ERROR;
				CLANG_WARN_DOCUMENTATION_COMMENTS = YES;
				CLANG_WARN_EMPTY_BODY = YES;
				CLANG_WARN_ENUM_CONVERSION = YES;
				CLANG_WARN_INFINITE_RECURSION = YES;
				CLANG_WARN_INT_CONVERSION = YES;
				CLANG_WARN_NON_LITERAL_NULL_CONVERSION = YES;
				CLANG_WARN_OBJC_IMPLICIT_RETAIN_SELF = YES;
				CLANG_WARN_OBJC_LITERAL_CONVERSION = YES;
				CLANG_WARN_OBJC_ROOT_CLASS = YES_ERROR;
				CLANG_WARN_QUOTED_INCLUDE_IN_FRAMEWORK_HEADER = YES;
				CLANG_WARN_RANGE_LOOP_ANALYSIS = YES;
				CLANG_WARN_STRICT_PROTOTYPES = YES;
				CLANG_WARN_SUSPICIOUS_MOVE = YES;
				CLANG_WARN_UNGUARDED_AVAILABILITY = YES_AGGRESSIVE;
				CLANG_WARN_UNREACHABLE_CODE = YES;
				CLANG_WARN__DUPLICATE_METHOD_MATCH = YES;
				COPY_PHASE_STRIP = NO;
				DEBUG_INFORMATION_FORMAT = dwarf;
				ENABLE_STRICT_OBJC_MSGSEND = YES;
				ENABLE_TESTABILITY = YES;
				ENABLE_USER_SCRIPT_SANDBOXING = YES;
				GCC_C_LANGUAGE_STANDARD = gnu17;
				GCC_DYNAMIC_NO_PIC = NO;
				GCC_NO_COMMON_BLOCKS = YES;
				GCC_OPTIMIZATION_LEVEL = 0;
				GCC_PREPROCESSOR_DEFINITIONS = (
					"DEBUG=1",
					"$(inherited)",
				);
				GCC_WARN_64_TO_32_BIT_CONVERSION = YES;
				GCC_WARN_ABOUT_RETURN_TYPE = YES_ERROR;
				GCC_WARN_UNDECLARED_SELECTOR = YES;
				GCC_WARN_UNINITIALIZED_AUTOS = YES_AGGRESSIVE;
				GCC_WARN_UNUSED_FUNCTION = YES;
				GCC_WARN_UNUSED_VARIABLE = YES;
				IPHONEOS_DEPLOYMENT_TARGET = 18.1;
				LOCALIZATION_PREFERS_STRING_CATALOGS = YES;
				MTL_ENABLE_DEBUG_INFO = INCLUDE_SOURCE;
				MTL_FAST_MATH = YES;
				ONLY_ACTIVE_ARCH = YES;
				SDKROOT = iphoneos;
				SWIFT_ACTIVE_COMPILATION_CONDITIONS = "DEBUG $(inherited)";
				SWIFT_OPTIMIZATION_LEVEL = "-Onone";
			};
			name = Debug;
		};
		3AFB3DBE2CD932B000A7BD25 /* Release */ = {
			isa = XCBuildConfiguration;
			buildSettings = {
				ALWAYS_SEARCH_USER_PATHS = NO;
				ASSETCATALOG_COMPILER_GENERATE_SWIFT_ASSET_SYMBOL_EXTENSIONS = YES;
				CLANG_ANALYZER_NONNULL = YES;
				CLANG_ANALYZER_NUMBER_OBJECT_CONVERSION = YES_AGGRESSIVE;
				CLANG_CXX_LANGUAGE_STANDARD = "gnu++20";
				CLANG_ENABLE_MODULES = YES;
				CLANG_ENABLE_OBJC_ARC = YES;
				CLANG_ENABLE_OBJC_WEAK = YES;
				CLANG_WARN_BLOCK_CAPTURE_AUTORELEASING = YES;
				CLANG_WARN_BOOL_CONVERSION = YES;
				CLANG_WARN_COMMA = YES;
				CLANG_WARN_CONSTANT_CONVERSION = YES;
				CLANG_WARN_DEPRECATED_OBJC_IMPLEMENTATIONS = YES;
				CLANG_WARN_DIRECT_OBJC_ISA_USAGE = YES_ERROR;
				CLANG_WARN_DOCUMENTATION_COMMENTS = YES;
				CLANG_WARN_EMPTY_BODY = YES;
				CLANG_WARN_ENUM_CONVERSION = YES;
				CLANG_WARN_INFINITE_RECURSION = YES;
				CLANG_WARN_INT_CONVERSION = YES;
				CLANG_WARN_NON_LITERAL_NULL_CONVERSION = YES;
				CLANG_WARN_OBJC_IMPLICIT_RETAIN_SELF = YES;
				CLANG_WARN_OBJC_LITERAL_CONVERSION = YES;
				CLANG_WARN_OBJC_ROOT_CLASS = YES_ERROR;
				CLANG_WARN_QUOTED_INCLUDE_IN_FRAMEWORK_HEADER = YES;
				CLANG_WARN_RANGE_LOOP_ANALYSIS = YES;
				CLANG_WARN_STRICT_PROTOTYPES = YES;
				CLANG_WARN_SUSPICIOUS_MOVE = YES;
				CLANG_WARN_UNGUARDED_AVAILABILITY = YES_AGGRESSIVE;
				CLANG_WARN_UNREACHABLE_CODE = YES;
				CLANG_WARN__DUPLICATE_METHOD_MATCH = YES;
				COPY_PHASE_STRIP = NO;
				DEBUG_INFORMATION_FORMAT = "dwarf-with-dsym";
				ENABLE_NS_ASSERTIONS = NO;
				ENABLE_STRICT_OBJC_MSGSEND = YES;
				ENABLE_USER_SCRIPT_SANDBOXING = YES;
				GCC_C_LANGUAGE_STANDARD = gnu17;
				GCC_NO_COMMON_BLOCKS = YES;
				GCC_WARN_64_TO_32_BIT_CONVERSION = YES;
				GCC_WARN_ABOUT_RETURN_TYPE = YES_ERROR;
				GCC_WARN_UNDECLARED_SELECTOR = YES;
				GCC_WARN_UNINITIALIZED_AUTOS = YES_AGGRESSIVE;
				GCC_WARN_UNUSED_FUNCTION = YES;
				GCC_WARN_UNUSED_VARIABLE = YES;
				IPHONEOS_DEPLOYMENT_TARGET = 18.1;
				LOCALIZATION_PREFERS_STRING_CATALOGS = YES;
				MTL_ENABLE_DEBUG_INFO = NO;
				MTL_FAST_MATH = YES;
				SDKROOT = iphoneos;
				SWIFT_COMPILATION_MODE = wholemodule;
				VALIDATE_PRODUCT = YES;
			};
			name = Release;
		};
		3AFB3DC02CD932B000A7BD25 /* Debug */ = {
			isa = XCBuildConfiguration;
			buildSettings = {
				ASSETCATALOG_COMPILER_APPICON_NAME = AppIcon;
				ASSETCATALOG_COMPILER_GLOBAL_ACCENT_COLOR_NAME = AccentColor;
				CODE_SIGN_STYLE = Automatic;
				CURRENT_PROJECT_VERSION = 1;
				DEVELOPMENT_ASSET_PATHS = "\"chargingAPP/Preview Content\"";
				DEVELOPMENT_TEAM = NHB9Q8J9FG;
				ENABLE_PREVIEWS = YES;
				GENERATE_INFOPLIST_FILE = YES;
				INFOPLIST_KEY_UIApplicationSceneManifest_Generation = YES;
				INFOPLIST_KEY_UIApplicationSupportsIndirectInputEvents = YES;
				INFOPLIST_KEY_UILaunchScreen_Generation = YES;
				INFOPLIST_KEY_UISupportedInterfaceOrientations_iPad = "UIInterfaceOrientationPortrait UIInterfaceOrientationPortraitUpsideDown UIInterfaceOrientationLandscapeLeft UIInterfaceOrientationLandscapeRight";
				INFOPLIST_KEY_UISupportedInterfaceOrientations_iPhone = "UIInterfaceOrientationPortrait UIInterfaceOrientationLandscapeLeft UIInterfaceOrientationLandscapeRight";
				LD_RUNPATH_SEARCH_PATHS = (
					"$(inherited)",
					"@executable_path/Frameworks",
				);
				MARKETING_VERSION = 1.0;
				PRODUCT_BUNDLE_IDENTIFIER = com.jokerGX.chargingAPP;
				PRODUCT_NAME = "$(TARGET_NAME)";
				SWIFT_EMIT_LOC_STRINGS = YES;
				SWIFT_OBJC_BRIDGING_HEADER = "";
				SWIFT_VERSION = 5.0;
				TARGETED_DEVICE_FAMILY = "1,2";
			};
			name = Debug;
		};
		3AFB3DC12CD932B000A7BD25 /* Release */ = {
			isa = XCBuildConfiguration;
			buildSettings = {
				ASSETCATALOG_COMPILER_APPICON_NAME = AppIcon;
				ASSETCATALOG_COMPILER_GLOBAL_ACCENT_COLOR_NAME = AccentColor;
				CODE_SIGN_STYLE = Automatic;
				CURRENT_PROJECT_VERSION = 1;
				DEVELOPMENT_ASSET_PATHS = "\"chargingAPP/Preview Content\"";
				DEVELOPMENT_TEAM = NHB9Q8J9FG;
				ENABLE_PREVIEWS = YES;
				GENERATE_INFOPLIST_FILE = YES;
				INFOPLIST_KEY_UIApplicationSceneManifest_Generation = YES;
				INFOPLIST_KEY_UIApplicationSupportsIndirectInputEvents = YES;
				INFOPLIST_KEY_UILaunchScreen_Generation = YES;
				INFOPLIST_KEY_UISupportedInterfaceOrientations_iPad = "UIInterfaceOrientationPortrait UIInterfaceOrientationPortraitUpsideDown UIInterfaceOrientationLandscapeLeft UIInterfaceOrientationLandscapeRight";
				INFOPLIST_KEY_UISupportedInterfaceOrientations_iPhone = "UIInterfaceOrientationPortrait UIInterfaceOrientationLandscapeLeft UIInterfaceOrientationLandscapeRight";
				LD_RUNPATH_SEARCH_PATHS = (
					"$(inherited)",
					"@executable_path/Frameworks",
				);
				MARKETING_VERSION = 1.0;
				PRODUCT_BUNDLE_IDENTIFIER = com.jokerGX.chargingAPP;
				PRODUCT_NAME = "$(TARGET_NAME)";
				SWIFT_EMIT_LOC_STRINGS = YES;
				SWIFT_OBJC_BRIDGING_HEADER = "";
				SWIFT_VERSION = 5.0;
				TARGETED_DEVICE_FAMILY = "1,2";
			};
			name = Release;
		};
		3AFB3DC32CD932B000A7BD25 /* Debug */ = {
			isa = XCBuildConfiguration;
			buildSettings = {
				BUNDLE_LOADER = "$(TEST_HOST)";
				CODE_SIGN_STYLE = Automatic;
				CURRENT_PROJECT_VERSION = 1;
				DEVELOPMENT_TEAM = NHB9Q8J9FG;
				GENERATE_INFOPLIST_FILE = YES;
				IPHONEOS_DEPLOYMENT_TARGET = 18.1;
				MARKETING_VERSION = 1.0;
				PRODUCT_BUNDLE_IDENTIFIER = com.jokerGX.chargingAPPTests;
				PRODUCT_NAME = "$(TARGET_NAME)";
				SWIFT_EMIT_LOC_STRINGS = NO;
				SWIFT_VERSION = 5.0;
				TARGETED_DEVICE_FAMILY = "1,2";
				TEST_HOST = "$(BUILT_PRODUCTS_DIR)/chargingAPP.app/$(BUNDLE_EXECUTABLE_FOLDER_PATH)/chargingAPP";
			};
			name = Debug;
		};
		3AFB3DC42CD932B000A7BD25 /* Release */ = {
			isa = XCBuildConfiguration;
			buildSettings = {
				BUNDLE_LOADER = "$(TEST_HOST)";
				CODE_SIGN_STYLE = Automatic;
				CURRENT_PROJECT_VERSION = 1;
				DEVELOPMENT_TEAM = NHB9Q8J9FG;
				GENERATE_INFOPLIST_FILE = YES;
				IPHONEOS_DEPLOYMENT_TARGET = 18.1;
				MARKETING_VERSION = 1.0;
				PRODUCT_BUNDLE_IDENTIFIER = com.jokerGX.chargingAPPTests;
				PRODUCT_NAME = "$(TARGET_NAME)";
				SWIFT_EMIT_LOC_STRINGS = NO;
				SWIFT_VERSION = 5.0;
				TARGETED_DEVICE_FAMILY = "1,2";
				TEST_HOST = "$(BUILT_PRODUCTS_DIR)/chargingAPP.app/$(BUNDLE_EXECUTABLE_FOLDER_PATH)/chargingAPP";
			};
			name = Release;
		};
		3AFB3DC62CD932B000A7BD25 /* Debug */ = {
			isa = XCBuildConfiguration;
			buildSettings = {
				CODE_SIGN_STYLE = Automatic;
				CURRENT_PROJECT_VERSION = 1;
				DEVELOPMENT_TEAM = NHB9Q8J9FG;
				GENERATE_INFOPLIST_FILE = YES;
				MARKETING_VERSION = 1.0;
				PRODUCT_BUNDLE_IDENTIFIER = com.jokerGX.chargingAPPUITests;
				PRODUCT_NAME = "$(TARGET_NAME)";
				SWIFT_EMIT_LOC_STRINGS = NO;
				SWIFT_VERSION = 5.0;
				TARGETED_DEVICE_FAMILY = "1,2";
				TEST_TARGET_NAME = chargingAPP;
			};
			name = Debug;
		};
		3AFB3DC72CD932B000A7BD25 /* Release */ = {
			isa = XCBuildConfiguration;
			buildSettings = {
				CODE_SIGN_STYLE = Automatic;
				CURRENT_PROJECT_VERSION = 1;
				DEVELOPMENT_TEAM = NHB9Q8J9FG;
				GENERATE_INFOPLIST_FILE = YES;
				MARKETING_VERSION = 1.0;
				PRODUCT_BUNDLE_IDENTIFIER = com.jokerGX.chargingAPPUITests;
				PRODUCT_NAME = "$(TARGET_NAME)";
				SWIFT_EMIT_LOC_STRINGS = NO;
				SWIFT_VERSION = 5.0;
				TARGETED_DEVICE_FAMILY = "1,2";
				TEST_TARGET_NAME = chargingAPP;
			};
			name = Release;
		};
/* End XCBuildConfiguration section */

/* Begin XCConfigurationList section */
		3AFB3D962CD932AB00A7BD25 /* Build configuration list for PBXProject "chargingAPP" */ = {
			isa = XCConfigurationList;
			buildConfigurations = (
				3AFB3DBD2CD932B000A7BD25 /* Debug */,
				3AFB3DBE2CD932B000A7BD25 /* Release */,
			);
			defaultConfigurationIsVisible = 0;
			defaultConfigurationName = Release;
		};
		3AFB3DBF2CD932B000A7BD25 /* Build configuration list for PBXNativeTarget "chargingAPP" */ = {
			isa = XCConfigurationList;
			buildConfigurations = (
				3AFB3DC02CD932B000A7BD25 /* Debug */,
				3AFB3DC12CD932B000A7BD25 /* Release */,
			);
			defaultConfigurationIsVisible = 0;
			defaultConfigurationName = Release;
		};
		3AFB3DC22CD932B000A7BD25 /* Build configuration list for PBXNativeTarget "chargingAPPTests" */ = {
			isa = XCConfigurationList;
			buildConfigurations = (
				3AFB3DC32CD932B000A7BD25 /* Debug */,
				3AFB3DC42CD932B000A7BD25 /* Release */,
			);
			defaultConfigurationIsVisible = 0;
			defaultConfigurationName = Release;
		};
		3AFB3DC52CD932B000A7BD25 /* Build configuration list for PBXNativeTarget "chargingAPPUITests" */ = {
			isa = XCConfigurationList;
			buildConfigurations = (
				3AFB3DC62CD932B000A7BD25 /* Debug */,
				3AFB3DC72CD932B000A7BD25 /* Release */,
			);
			defaultConfigurationIsVisible = 0;
			defaultConfigurationName = Release;
		};
/* End XCConfigurationList section */

/* Begin XCRemoteSwiftPackageReference section */
		3A152F6F2CE1C72300E37EB1 /* XCRemoteSwiftPackageReference "firebase-ios-sdk" */ = {
			isa = XCRemoteSwiftPackageReference;
			repositoryURL = "https://github.com/firebase/firebase-ios-sdk";
			requirement = {
				kind = upToNextMajorVersion;
				minimumVersion = 11.4.0;
			};
		};
/* End XCRemoteSwiftPackageReference section */

/* Begin XCSwiftPackageProductDependency section */
		3A152F702CE1C72300E37EB1 /* FirebaseAnalytics */ = {
			isa = XCSwiftPackageProductDependency;
			package = 3A152F6F2CE1C72300E37EB1 /* XCRemoteSwiftPackageReference "firebase-ios-sdk" */;
			productName = FirebaseAnalytics;
		};
		3A152F722CE1C72300E37EB1 /* FirebaseCore */ = {
			isa = XCSwiftPackageProductDependency;
			package = 3A152F6F2CE1C72300E37EB1 /* XCRemoteSwiftPackageReference "firebase-ios-sdk" */;
			productName = FirebaseCore;
		};
		3A152F742CE1C72300E37EB1 /* FirebaseDatabase */ = {
			isa = XCSwiftPackageProductDependency;
			package = 3A152F6F2CE1C72300E37EB1 /* XCRemoteSwiftPackageReference "firebase-ios-sdk" */;
			productName = FirebaseDatabase;
		};
		3A152F762CE1C72300E37EB1 /* FirebaseFirestore */ = {
			isa = XCSwiftPackageProductDependency;
			package = 3A152F6F2CE1C72300E37EB1 /* XCRemoteSwiftPackageReference "firebase-ios-sdk" */;
			productName = FirebaseFirestore;
		};
/* End XCSwiftPackageProductDependency section */
	};
	rootObject = 3AFB3D932CD932AB00A7BD25 /* Project object */;
}
